// !$*UTF8*$!
{
	archiveVersion = 1;
	classes = {
	};
	objectVersion = 56;
	objects = {

/* Begin PBXBuildFile section */
		EFA93BDD288534F00004C260 /* Test_SwiftUI_CollectionContainers_ListsApp.swift in Sources */ = {isa = PBXBuildFile; fileRef = EFA93BDC288534F00004C260 /* Test_SwiftUI_CollectionContainers_ListsApp.swift */; };
		EFA93BDF288534F00004C260 /* ContentView.swift in Sources */ = {isa = PBXBuildFile; fileRef = EFA93BDE288534F00004C260 /* ContentView.swift */; };
		EFA93BE1288534F00004C260 /* Assets.xcassets in Resources */ = {isa = PBXBuildFile; fileRef = EFA93BE0288534F00004C260 /* Assets.xcassets */; };
		EFA93BE4288534F00004C260 /* Preview Assets.xcassets in Resources */ = {isa = PBXBuildFile; fileRef = EFA93BE3288534F00004C260 /* Preview Assets.xcassets */; };
		EFA93BF2288535FE0004C260 /* DynamicList-WithBinding.swift in Sources */ = {isa = PBXBuildFile; fileRef = EFA93BEB288535FE0004C260 /* DynamicList-WithBinding.swift */; };
		EFA93BF3288535FE0004C260 /* DynamicList-Identifiable.swift in Sources */ = {isa = PBXBuildFile; fileRef = EFA93BEC288535FE0004C260 /* DynamicList-Identifiable.swift */; };
		EFA93BF4288535FE0004C260 /* DynamicList-ScrollTo.swift in Sources */ = {isa = PBXBuildFile; fileRef = EFA93BED288535FE0004C260 /* DynamicList-ScrollTo.swift */; };
		EFA93BF5288535FE0004C260 /* StaticList.swift in Sources */ = {isa = PBXBuildFile; fileRef = EFA93BEE288535FE0004C260 /* StaticList.swift */; };
		EFA93BF7288535FE0004C260 /* DynamicList-ForEach.swift in Sources */ = {isa = PBXBuildFile; fileRef = EFA93BF0288535FE0004C260 /* DynamicList-ForEach.swift */; };
/* End PBXBuildFile section */

/* Begin PBXFileReference section */
		EFA93BD9288534F00004C260 /* Test_SwiftUI_CollectionContainers_Lists.app */ = {isa = PBXFileReference; explicitFileType = wrapper.application; includeInIndex = 0; path = Test_SwiftUI_CollectionContainers_Lists.app; sourceTree = BUILT_PRODUCTS_DIR; };
		EFA93BDC288534F00004C260 /* Test_SwiftUI_CollectionContainers_ListsApp.swift */ = {isa = PBXFileReference; lastKnownFileType = sourcecode.swift; path = Test_SwiftUI_CollectionContainers_ListsApp.swift; sourceTree = "<group>"; };
		EFA93BDE288534F00004C260 /* ContentView.swift */ = {isa = PBXFileReference; lastKnownFileType = sourcecode.swift; path = ContentView.swift; sourceTree = "<group>"; };
		EFA93BE0288534F00004C260 /* Assets.xcassets */ = {isa = PBXFileReference; lastKnownFileType = folder.assetcatalog; path = Assets.xcassets; sourceTree = "<group>"; };
		EFA93BE3288534F00004C260 /* Preview Assets.xcassets */ = {isa = PBXFileReference; lastKnownFileType = folder.assetcatalog; path = "Preview Assets.xcassets"; sourceTree = "<group>"; };
		EFA93BEB288535FE0004C260 /* DynamicList-WithBinding.swift */ = {isa = PBXFileReference; fileEncoding = 4; lastKnownFileType = sourcecode.swift; path = "DynamicList-WithBinding.swift"; sourceTree = "<group>"; };
		EFA93BEC288535FE0004C260 /* DynamicList-Identifiable.swift */ = {isa = PBXFileReference; fileEncoding = 4; lastKnownFileType = sourcecode.swift; path = "DynamicList-Identifiable.swift"; sourceTree = "<group>"; };
		EFA93BED288535FE0004C260 /* DynamicList-ScrollTo.swift */ = {isa = PBXFileReference; fileEncoding = 4; lastKnownFileType = sourcecode.swift; path = "DynamicList-ScrollTo.swift"; sourceTree = "<group>"; };
		EFA93BEE288535FE0004C260 /* StaticList.swift */ = {isa = PBXFileReference; fileEncoding = 4; lastKnownFileType = sourcecode.swift; path = StaticList.swift; sourceTree = "<group>"; };
		EFA93BF0288535FE0004C260 /* DynamicList-ForEach.swift */ = {isa = PBXFileReference; fileEncoding = 4; lastKnownFileType = sourcecode.swift; path = "DynamicList-ForEach.swift"; sourceTree = "<group>"; };
/* End PBXFileReference section */

/* Begin PBXFrameworksBuildPhase section */
		EFA93BD6288534F00004C260 /* Frameworks */ = {
			isa = PBXFrameworksBuildPhase;
			buildActionMask = 2147483647;
			files = (
			);
			runOnlyForDeploymentPostprocessing = 0;
		};
/* End PBXFrameworksBuildPhase section */

/* Begin PBXGroup section */
		EFA93BD0288534F00004C260 = {
			isa = PBXGroup;
			children = (
				EFA93BDB288534F00004C260 /* Test_SwiftUI_CollectionContainers_Lists */,
				EFA93BDA288534F00004C260 /* Products */,
			);
			sourceTree = "<group>";
		};
		EFA93BDA288534F00004C260 /* Products */ = {
			isa = PBXGroup;
			children = (
				EFA93BD9288534F00004C260 /* Test_SwiftUI_CollectionContainers_Lists.app */,
			);
			name = Products;
			sourceTree = "<group>";
		};
		EFA93BDB288534F00004C260 /* Test_SwiftUI_CollectionContainers_Lists */ = {
			isa = PBXGroup;
			children = (
				EFA93BDC288534F00004C260 /* Test_SwiftUI_CollectionContainers_ListsApp.swift */,
				EFA93BDE288534F00004C260 /* ContentView.swift */,
				EFA93BEE288535FE0004C260 /* StaticList.swift */,
				EFA93BF0288535FE0004C260 /* DynamicList-ForEach.swift */,
				EFA93BED288535FE0004C260 /* DynamicList-ScrollTo.swift */,
				EFA93BEC288535FE0004C260 /* DynamicList-Identifiable.swift */,
				EFA93BEB288535FE0004C260 /* DynamicList-WithBinding.swift */,
				EFA93BE0288534F00004C260 /* Assets.xcassets */,
				EFA93BE2288534F00004C260 /* Preview Content */,
			);
			path = Test_SwiftUI_CollectionContainers_Lists;
			sourceTree = "<group>";
		};
		EFA93BE2288534F00004C260 /* Preview Content */ = {
			isa = PBXGroup;
			children = (
				EFA93BE3288534F00004C260 /* Preview Assets.xcassets */,
			);
			path = "Preview Content";
			sourceTree = "<group>";
		};
/* End PBXGroup section */

/* Begin PBXNativeTarget section */
		EFA93BD8288534F00004C260 /* Test_SwiftUI_CollectionContainers_Lists */ = {
			isa = PBXNativeTarget;
			buildConfigurationList = EFA93BE7288534F00004C260 /* Build configuration list for PBXNativeTarget "Test_SwiftUI_CollectionContainers_Lists" */;
			buildPhases = (
				EFA93BD5288534F00004C260 /* Sources */,
				EFA93BD6288534F00004C260 /* Frameworks */,
				EFA93BD7288534F00004C260 /* Resources */,
			);
			buildRules = (
			);
			dependencies = (
			);
			name = Test_SwiftUI_CollectionContainers_Lists;
			productName = Test_SwiftUI_CollectionContainers_Lists;
			productReference = EFA93BD9288534F00004C260 /* Test_SwiftUI_CollectionContainers_Lists.app */;
			productType = "com.apple.product-type.application";
		};
/* End PBXNativeTarget section */

/* Begin PBXProject section */
		EFA93BD1288534F00004C260 /* Project object */ = {
			isa = PBXProject;
			attributes = {
				BuildIndependentTargetsInParallel = 1;
				LastSwiftUpdateCheck = 1400;
				LastUpgradeCheck = 1400;
				TargetAttributes = {
					EFA93BD8288534F00004C260 = {
						CreatedOnToolsVersion = 14.0;
					};
				};
			};
			buildConfigurationList = EFA93BD4288534F00004C260 /* Build configuration list for PBXProject "Test_SwiftUI_CollectionContainers_Lists" */;
			compatibilityVersion = "Xcode 14.0";
			developmentRegion = en;
			hasScannedForEncodings = 0;
			knownRegions = (
				en,
				Base,
			);
			mainGroup = EFA93BD0288534F00004C260;
			productRefGroup = EFA93BDA288534F00004C260 /* Products */;
			projectDirPath = "";
			projectRoot = "";
			targets = (
				EFA93BD8288534F00004C260 /* Test_SwiftUI_CollectionContainers_Lists */,
			);
		};
/* End PBXProject section */

/* Begin PBXResourcesBuildPhase section */
		EFA93BD7288534F00004C260 /* Resources */ = {
			isa = PBXResourcesBuildPhase;
			buildActionMask = 2147483647;
			files = (
				EFA93BE4288534F00004C260 /* Preview Assets.xcassets in Resources */,
				EFA93BE1288534F00004C260 /* Assets.xcassets in Resources */,
			);
			runOnlyForDeploymentPostprocessing = 0;
		};
/* End PBXResourcesBuildPhase section */

/* Begin PBXSourcesBuildPhase section */
		EFA93BD5288534F00004C260 /* Sources */ = {
			isa = PBXSourcesBuildPhase;
			buildActionMask = 2147483647;
			files = (
				EFA93BF7288535FE0004C260 /* DynamicList-ForEach.swift in Sources */,
				EFA93BF3288535FE0004C260 /* DynamicList-Identifiable.swift in Sources */,
				EFA93BF2288535FE0004C260 /* DynamicList-WithBinding.swift in Sources */,
				EFA93BF4288535FE0004C260 /* DynamicList-ScrollTo.swift in Sources */,
				EFA93BF5288535FE0004C260 /* StaticList.swift in Sources */,
				EFA93BDF288534F00004C260 /* ContentView.swift in Sources */,
				EFA93BDD288534F00004C260 /* Test_SwiftUI_CollectionContainers_ListsApp.swift in Sources */,
			);
			runOnlyForDeploymentPostprocessing = 0;
		};
/* End PBXSourcesBuildPhase section */

/* Begin XCBuildConfiguration section */
		EFA93BE5288534F00004C260 /* Debug */ = {
			isa = XCBuildConfiguration;
			buildSettings = {
				ALWAYS_SEARCH_USER_PATHS = NO;
				CLANG_ANALYZER_NONNULL = YES;
				CLANG_ANALYZER_NUMBER_OBJECT_CONVERSION = YES_AGGRESSIVE;
				CLANG_CXX_LANGUAGE_STANDARD = "gnu++17";
				CLANG_ENABLE_MODULES = YES;
				CLANG_ENABLE_OBJC_ARC = YES;
				CLANG_ENABLE_OBJC_WEAK = YES;
				CLANG_WARN_BLOCK_CAPTURE_AUTORELEASING = YES;
				CLANG_WARN_BOOL_CONVERSION = YES;
				CLANG_WARN_COMMA = YES;
				CLANG_WARN_CONSTANT_CONVERSION = YES;
				CLANG_WARN_DEPRECATED_OBJC_IMPLEMENTATIONS = YES;
				CLANG_WARN_DIRECT_OBJC_ISA_USAGE = YES_ERROR;
				CLANG_WARN_DOCUMENTATION_COMMENTS = YES;
				CLANG_WARN_EMPTY_BODY = YES;
				CLANG_WARN_ENUM_CONVERSION = YES;
				CLANG_WARN_INFINITE_RECURSION = YES;
				CLANG_WARN_INT_CONVERSION = YES;
				CLANG_WARN_NON_LITERAL_NULL_CONVERSION = YES;
				CLANG_WARN_OBJC_IMPLICIT_RETAIN_SELF = YES;
				CLANG_WARN_OBJC_LITERAL_CONVERSION = YES;
				CLANG_WARN_OBJC_ROOT_CLASS = YES_ERROR;
				CLANG_WARN_QUOTED_INCLUDE_IN_FRAMEWORK_HEADER = YES;
				CLANG_WARN_RANGE_LOOP_ANALYSIS = YES;
				CLANG_WARN_STRICT_PROTOTYPES = YES;
				CLANG_WARN_SUSPICIOUS_MOVE = YES;
				CLANG_WARN_UNGUARDED_AVAILABILITY = YES_AGGRESSIVE;
				CLANG_WARN_UNREACHABLE_CODE = YES;
				CLANG_WARN__DUPLICATE_METHOD_MATCH = YES;
				COPY_PHASE_STRIP = NO;
				DEBUG_INFORMATION_FORMAT = dwarf;
				ENABLE_STRICT_OBJC_MSGSEND = YES;
				ENABLE_TESTABILITY = YES;
				GCC_C_LANGUAGE_STANDARD = gnu11;
				GCC_DYNAMIC_NO_PIC = NO;
				GCC_NO_COMMON_BLOCKS = YES;
				GCC_OPTIMIZATION_LEVEL = 0;
				GCC_PREPROCESSOR_DEFINITIONS = (
					"DEBUG=1",
					"$(inherited)",
				);
				GCC_WARN_64_TO_32_BIT_CONVERSION = YES;
				GCC_WARN_ABOUT_RETURN_TYPE = YES_ERROR;
				GCC_WARN_UNDECLARED_SELECTOR = YES;
				GCC_WARN_UNINITIALIZED_AUTOS = YES_AGGRESSIVE;
				GCC_WARN_UNUSED_FUNCTION = YES;
				GCC_WARN_UNUSED_VARIABLE = YES;
				IPHONEOS_DEPLOYMENT_TARGET = 16.0;
				MTL_ENABLE_DEBUG_INFO = INCLUDE_SOURCE;
				MTL_FAST_MATH = YES;
				ONLY_ACTIVE_ARCH = YES;
				SDKROOT = iphoneos;
				SWIFT_ACTIVE_COMPILATION_CONDITIONS = DEBUG;
				SWIFT_OPTIMIZATION_LEVEL = "-Onone";
			};
			name = Debug;
		};
		EFA93BE6288534F00004C260 /* Release */ = {
			isa = XCBuildConfiguration;
			buildSettings = {
				ALWAYS_SEARCH_USER_PATHS = NO;
				CLANG_ANALYZER_NONNULL = YES;
				CLANG_ANALYZER_NUMBER_OBJECT_CONVERSION = YES_AGGRESSIVE;
				CLANG_CXX_LANGUAGE_STANDARD = "gnu++17";
				CLANG_ENABLE_MODULES = YES;
				CLANG_ENABLE_OBJC_ARC = YES;
				CLANG_ENABLE_OBJC_WEAK = YES;
				CLANG_WARN_BLOCK_CAPTURE_AUTORELEASING = YES;
				CLANG_WARN_BOOL_CONVERSION = YES;
				CLANG_WARN_COMMA = YES;
				CLANG_WARN_CONSTANT_CONVERSION = YES;
				CLANG_WARN_DEPRECATED_OBJC_IMPLEMENTATIONS = YES;
				CLANG_WARN_DIRECT_OBJC_ISA_USAGE = YES_ERROR;
				CLANG_WARN_DOCUMENTATION_COMMENTS = YES;
				CLANG_WARN_EMPTY_BODY = YES;
				CLANG_WARN_ENUM_CONVERSION = YES;
				CLANG_WARN_INFINITE_RECURSION = YES;
				CLANG_WARN_INT_CONVERSION = YES;
				CLANG_WARN_NON_LITERAL_NULL_CONVERSION = YES;
				CLANG_WARN_OBJC_IMPLICIT_RETAIN_SELF = YES;
				CLANG_WARN_OBJC_LITERAL_CONVERSION = YES;
				CLANG_WARN_OBJC_ROOT_CLASS = YES_ERROR;
				CLANG_WARN_QUOTED_INCLUDE_IN_FRAMEWORK_HEADER = YES;
				CLANG_WARN_RANGE_LOOP_ANALYSIS = YES;
				CLANG_WARN_STRICT_PROTOTYPES = YES;
				CLANG_WARN_SUSPICIOUS_MOVE = YES;
				CLANG_WARN_UNGUARDED_AVAILABILITY = YES_AGGRESSIVE;
				CLANG_WARN_UNREACHABLE_CODE = YES;
				CLANG_WARN__DUPLICATE_METHOD_MATCH = YES;
				COPY_PHASE_STRIP = NO;
				DEBUG_INFORMATION_FORMAT = "dwarf-with-dsym";
				ENABLE_NS_ASSERTIONS = NO;
				ENABLE_STRICT_OBJC_MSGSEND = YES;
				GCC_C_LANGUAGE_STANDARD = gnu11;
				GCC_NO_COMMON_BLOCKS = YES;
				GCC_WARN_64_TO_32_BIT_CONVERSION = YES;
				GCC_WARN_ABOUT_RETURN_TYPE = YES_ERROR;
				GCC_WARN_UNDECLARED_SELECTOR = YES;
				GCC_WARN_UNINITIALIZED_AUTOS = YES_AGGRESSIVE;
				GCC_WARN_UNUSED_FUNCTION = YES;
				GCC_WARN_UNUSED_VARIABLE = YES;
				IPHONEOS_DEPLOYMENT_TARGET = 16.0;
				MTL_ENABLE_DEBUG_INFO = NO;
				MTL_FAST_MATH = YES;
				SDKROOT = iphoneos;
				SWIFT_COMPILATION_MODE = wholemodule;
				SWIFT_OPTIMIZATION_LEVEL = "-O";
				VALIDATE_PRODUCT = YES;
			};
			name = Release;
		};
		EFA93BE8288534F00004C260 /* Debug */ = {
			isa = XCBuildConfiguration;
			buildSettings = {
				ASSETCATALOG_COMPILER_APPICON_NAME = AppIcon;
				ASSETCATALOG_COMPILER_GLOBAL_ACCENT_COLOR_NAME = AccentColor;
				CODE_SIGN_STYLE = Automatic;
				CURRENT_PROJECT_VERSION = 1;
				DEVELOPMENT_ASSET_PATHS = "\"Test_SwiftUI_CollectionContainers_Lists/Preview Content\"";
				DEVELOPMENT_TEAM = 327VRPC969;
				ENABLE_PREVIEWS = YES;
				GENERATE_INFOPLIST_FILE = YES;
				INFOPLIST_KEY_UIApplicationSceneManifest_Generation = YES;
				INFOPLIST_KEY_UIApplicationSupportsIndirectInputEvents = YES;
				INFOPLIST_KEY_UILaunchScreen_Generation = YES;
				INFOPLIST_KEY_UISupportedInterfaceOrientations_iPad = "UIInterfaceOrientationPortrait UIInterfaceOrientationPortraitUpsideDown UIInterfaceOrientationLandscapeLeft UIInterfaceOrientationLandscapeRight";
				INFOPLIST_KEY_UISupportedInterfaceOrientations_iPhone = "UIInterfaceOrientationPortrait UIInterfaceOrientationLandscapeLeft UIInterfaceOrientationLandscapeRight";
				LD_RUNPATH_SEARCH_PATHS = (
					"$(inherited)",
					"@executable_path/Frameworks",
				);
				MARKETING_VERSION = 1.0;
				PRODUCT_BUNDLE_IDENTIFIER = "JTrojanowicz.Test-SwiftUI-CollectionContainers-Lists";
				PRODUCT_NAME = "$(TARGET_NAME)";
				SWIFT_EMIT_LOC_STRINGS = YES;
				SWIFT_VERSION = 5.0;
				TARGETED_DEVICE_FAMILY = "1,2";
			};
			name = Debug;
		};
		EFA93BE9288534F00004C260 /* Release */ = {
			isa = XCBuildConfiguration;
			buildSettings = {
				ASSETCATALOG_COMPILER_APPICON_NAME = AppIcon;
				ASSETCATALOG_COMPILER_GLOBAL_ACCENT_COLOR_NAME = AccentColor;
				CODE_SIGN_STYLE = Automatic;
				CURRENT_PROJECT_VERSION = 1;
				DEVELOPMENT_ASSET_PATHS = "\"Test_SwiftUI_CollectionContainers_Lists/Preview Content\"";
				DEVELOPMENT_TEAM = 327VRPC969;
				ENABLE_PREVIEWS = YES;
				GENERATE_INFOPLIST_FILE = YES;
				INFOPLIST_KEY_UIApplicationSceneManifest_Generation = YES;
				INFOPLIST_KEY_UIApplicationSupportsIndirectInputEvents = YES;
				INFOPLIST_KEY_UILaunchScreen_Generation = YES;
				INFOPLIST_KEY_UISupportedInterfaceOrientations_iPad = "UIInterfaceOrientationPortrait UIInterfaceOrientationPortraitUpsideDown UIInterfaceOrientationLandscapeLeft UIInterfaceOrientationLandscapeRight";
				INFOPLIST_KEY_UISupportedInterfaceOrientations_iPhone = "UIInterfaceOrientationPortrait UIInterfaceOrientationLandscapeLeft UIInterfaceOrientationLandscapeRight";
				LD_RUNPATH_SEARCH_PATHS = (
					"$(inherited)",
					"@executable_path/Frameworks",
				);
				MARKETING_VERSION = 1.0;
				PRODUCT_BUNDLE_IDENTIFIER = "JTrojanowicz.Test-SwiftUI-CollectionContainers-Lists";
				PRODUCT_NAME = "$(TARGET_NAME)";
				SWIFT_EMIT_LOC_STRINGS = YES;
				SWIFT_VERSION = 5.0;
				TARGETED_DEVICE_FAMILY = "1,2";
			};
			name = Release;
		};
/* End XCBuildConfiguration section */

/* Begin XCConfigurationList section */
		EFA93BD4288534F00004C260 /* Build configuration list for PBXProject "Test_SwiftUI_CollectionContainers_Lists" */ = {
			isa = XCConfigurationList;
			buildConfigurations = (
				EFA93BE5288534F00004C260 /* Debug */,
				EFA93BE6288534F00004C260 /* Release */,
			);
			defaultConfigurationIsVisible = 0;
			defaultConfigurationName = Release;
		};
		EFA93BE7288534F00004C260 /* Build configuration list for PBXNativeTarget "Test_SwiftUI_CollectionContainers_Lists" */ = {
			isa = XCConfigurationList;
			buildConfigurations = (
				EFA93BE8288534F00004C260 /* Debug */,
				EFA93BE9288534F00004C260 /* Release */,
			);
			defaultConfigurationIsVisible = 0;
			defaultConfigurationName = Release;
		};
/* End XCConfigurationList section */
	};
	rootObject = EFA93BD1288534F00004C260 /* Project object */;
}
